
Microsoft Visual Studio Solution File, Format Version 12.00
# Visual Studio 15
VisualStudioVersion = 15.0.26124.0
MinimumVisualStudioVersion = 15.0.26124.0
Project("{FAE04EC0-301F-11D3-BF4B-00C04F79EFBC}") = "Decorate", "Decorate\Decorate.csproj", "{C79CE9FD-9CD1-4842-AC59-E7697962F413}"
EndProject
Project("{FAE04EC0-301F-11D3-BF4B-00C04F79EFBC}") = "abtractFactory", "AbtractFactory\abtractFactory.csproj", "{A05C6C4F-97E6-439F-ADCA-21204CFFC153}"
EndProject
Project("{FAE04EC0-301F-11D3-BF4B-00C04F79EFBC}") = "proxy", "Proxy\proxy.csproj", "{C17A8335-FA9E-40BB-8BF3-10AE651AFAB0}"
EndProject
Project("{FAE04EC0-301F-11D3-BF4B-00C04F79EFBC}") = "Prototype", "Prototype\Prototype.csproj", "{6E51B4F1-9D50-4308-B415-D595A16DB0DF}"
EndProject
Project("{FAE04EC0-301F-11D3-BF4B-00C04F79EFBC}") = "Template", "Template\Template.csproj", "{48E8B677-8E9F-434B-9867-B8F79451E1C5}"
EndProject
Project("{FAE04EC0-301F-11D3-BF4B-00C04F79EFBC}") = "Facade", "Facade\Facade.csproj", "{1C60DF27-8BDF-47A7-9587-565721FFC861}"
EndProject
Project("{FAE04EC0-301F-11D3-BF4B-00C04F79EFBC}") = "Builder", "Builder\Builder.csproj", "{AC3F6C10-86E2-411D-8FEB-81C4FB93EE5C}"
EndProject
Project("{FAE04EC0-301F-11D3-BF4B-00C04F79EFBC}") = "Observer", "Observer\Observer.csproj", "{6A26CCC8-73D3-45AE-BD78-700791A5DA19}"
EndProject
Project("{FAE04EC0-301F-11D3-BF4B-00C04F79EFBC}") = "State", "State\State.csproj", "{3727F0D7-6872-403A-A073-F6FAA05ABDE3}"
EndProject
Project("{FAE04EC0-301F-11D3-BF4B-00C04F79EFBC}") = "Adaptee", "Adaptee\Adaptee.csproj", "{FE5CEBAF-F3D2-495D-AAAD-6CF92E1D2E8E}"
EndProject
Project("{FAE04EC0-301F-11D3-BF4B-00C04F79EFBC}") = "Memento", "Memento\Memento.csproj", "{15A0CE29-05AF-47B6-812F-DBB65FB09DEC}"
EndProject
Project("{FAE04EC0-301F-11D3-BF4B-00C04F79EFBC}") = "Composite", "Composite\Composite.csproj", "{68CDABA4-35D5-4537-A71B-AF5B365FB4C6}"
EndProject
Project("{FAE04EC0-301F-11D3-BF4B-00C04F79EFBC}") = "Iterator", "Iterator\Iterator.csproj", "{254D2B70-BEAC-4731-90C2-4205B8441716}"
EndProject
Project("{FAE04EC0-301F-11D3-BF4B-00C04F79EFBC}") = "Singleton", "Singleton\Singleton.csproj", "{AA5E236E-131F-4CAB-813D-D53EC3C110B0}"
EndProject
Project("{FAE04EC0-301F-11D3-BF4B-00C04F79EFBC}") = "Bridge", "Bridge\Bridge.csproj", "{24D8CD15-A446-494D-87F1-97B207F464C9}"
EndProject
Project("{FAE04EC0-301F-11D3-BF4B-00C04F79EFBC}") = "Command", "Command\Command.csproj", "{7005F1D2-26E9-4E25-BF61-511DBDD19527}"
EndProject
Project("{FAE04EC0-301F-11D3-BF4B-00C04F79EFBC}") = "Chain", "Chain\Chain.csproj", "{D5F416BC-70CC-417C-9A86-C55636AB64F3}"
EndProject
Project("{FAE04EC0-301F-11D3-BF4B-00C04F79EFBC}") = "Mediator", "Mediator\Mediator.csproj", "{CEFB1D70-D13E-4AB0-B208-74341872E697}"
EndProject
Project("{FAE04EC0-301F-11D3-BF4B-00C04F79EFBC}") = "Flyweight", "Flyweight\Flyweight.csproj", "{24BD70A7-8198-47BF-8356-C9DB4A78FB4E}"
EndProject
Project("{FAE04EC0-301F-11D3-BF4B-00C04F79EFBC}") = "Interpreter", "Interpreter\Interpreter.csproj", "{8B2412F1-807E-48E4-9932-04408C9602FE}"
EndProject
Project("{FAE04EC0-301F-11D3-BF4B-00C04F79EFBC}") = "Visitor", "Visitor\Visitor.csproj", "{30A06AAB-76A7-46EA-A6C4-72E0E175DC6C}"
EndProject
Global
	GlobalSection(SolutionConfigurationPlatforms) = preSolution
		Debug|Any CPU = Debug|Any CPU
		Debug|x64 = Debug|x64
		Debug|x86 = Debug|x86
		Release|Any CPU = Release|Any CPU
		Release|x64 = Release|x64
		Release|x86 = Release|x86
	EndGlobalSection
	GlobalSection(SolutionProperties) = preSolution
		HideSolutionNode = FALSE
	EndGlobalSection
	GlobalSection(ProjectConfigurationPlatforms) = postSolution
		{C79CE9FD-9CD1-4842-AC59-E7697962F413}.Debug|Any CPU.ActiveCfg = Debug|Any CPU
		{C79CE9FD-9CD1-4842-AC59-E7697962F413}.Debug|Any CPU.Build.0 = Debug|Any CPU
		{C79CE9FD-9CD1-4842-AC59-E7697962F413}.Debug|x64.ActiveCfg = Debug|Any CPU
		{C79CE9FD-9CD1-4842-AC59-E7697962F413}.Debug|x64.Build.0 = Debug|Any CPU
		{C79CE9FD-9CD1-4842-AC59-E7697962F413}.Debug|x86.ActiveCfg = Debug|Any CPU
		{C79CE9FD-9CD1-4842-AC59-E7697962F413}.Debug|x86.Build.0 = Debug|Any CPU
		{C79CE9FD-9CD1-4842-AC59-E7697962F413}.Release|Any CPU.ActiveCfg = Release|Any CPU
		{C79CE9FD-9CD1-4842-AC59-E7697962F413}.Release|Any CPU.Build.0 = Release|Any CPU
		{C79CE9FD-9CD1-4842-AC59-E7697962F413}.Release|x64.ActiveCfg = Release|Any CPU
		{C79CE9FD-9CD1-4842-AC59-E7697962F413}.Release|x64.Build.0 = Release|Any CPU
		{C79CE9FD-9CD1-4842-AC59-E7697962F413}.Release|x86.ActiveCfg = Release|Any CPU
		{C79CE9FD-9CD1-4842-AC59-E7697962F413}.Release|x86.Build.0 = Release|Any CPU
		{A05C6C4F-97E6-439F-ADCA-21204CFFC153}.Debug|Any CPU.ActiveCfg = Debug|Any CPU
		{A05C6C4F-97E6-439F-ADCA-21204CFFC153}.Debug|Any CPU.Build.0 = Debug|Any CPU
		{A05C6C4F-97E6-439F-ADCA-21204CFFC153}.Debug|x64.ActiveCfg = Debug|Any CPU
		{A05C6C4F-97E6-439F-ADCA-21204CFFC153}.Debug|x64.Build.0 = Debug|Any CPU
		{A05C6C4F-97E6-439F-ADCA-21204CFFC153}.Debug|x86.ActiveCfg = Debug|Any CPU
		{A05C6C4F-97E6-439F-ADCA-21204CFFC153}.Debug|x86.Build.0 = Debug|Any CPU
		{A05C6C4F-97E6-439F-ADCA-21204CFFC153}.Release|Any CPU.ActiveCfg = Release|Any CPU
		{A05C6C4F-97E6-439F-ADCA-21204CFFC153}.Release|Any CPU.Build.0 = Release|Any CPU
		{A05C6C4F-97E6-439F-ADCA-21204CFFC153}.Release|x64.ActiveCfg = Release|Any CPU
		{A05C6C4F-97E6-439F-ADCA-21204CFFC153}.Release|x64.Build.0 = Release|Any CPU
		{A05C6C4F-97E6-439F-ADCA-21204CFFC153}.Release|x86.ActiveCfg = Release|Any CPU
		{A05C6C4F-97E6-439F-ADCA-21204CFFC153}.Release|x86.Build.0 = Release|Any CPU
		{C17A8335-FA9E-40BB-8BF3-10AE651AFAB0}.Debug|Any CPU.ActiveCfg = Debug|Any CPU
		{C17A8335-FA9E-40BB-8BF3-10AE651AFAB0}.Debug|Any CPU.Build.0 = Debug|Any CPU
		{C17A8335-FA9E-40BB-8BF3-10AE651AFAB0}.Debug|x64.ActiveCfg = Debug|Any CPU
		{C17A8335-FA9E-40BB-8BF3-10AE651AFAB0}.Debug|x64.Build.0 = Debug|Any CPU
		{C17A8335-FA9E-40BB-8BF3-10AE651AFAB0}.Debug|x86.ActiveCfg = Debug|Any CPU
		{C17A8335-FA9E-40BB-8BF3-10AE651AFAB0}.Debug|x86.Build.0 = Debug|Any CPU
		{C17A8335-FA9E-40BB-8BF3-10AE651AFAB0}.Release|Any CPU.ActiveCfg = Release|Any CPU
		{C17A8335-FA9E-40BB-8BF3-10AE651AFAB0}.Release|Any CPU.Build.0 = Release|Any CPU
		{C17A8335-FA9E-40BB-8BF3-10AE651AFAB0}.Release|x64.ActiveCfg = Release|Any CPU
		{C17A8335-FA9E-40BB-8BF3-10AE651AFAB0}.Release|x64.Build.0 = Release|Any CPU
		{C17A8335-FA9E-40BB-8BF3-10AE651AFAB0}.Release|x86.ActiveCfg = Release|Any CPU
		{C17A8335-FA9E-40BB-8BF3-10AE651AFAB0}.Release|x86.Build.0 = Release|Any CPU
		{6E51B4F1-9D50-4308-B415-D595A16DB0DF}.Debug|Any CPU.ActiveCfg = Debug|Any CPU
		{6E51B4F1-9D50-4308-B415-D595A16DB0DF}.Debug|Any CPU.Build.0 = Debug|Any CPU
		{6E51B4F1-9D50-4308-B415-D595A16DB0DF}.Debug|x64.ActiveCfg = Debug|Any CPU
		{6E51B4F1-9D50-4308-B415-D595A16DB0DF}.Debug|x64.Build.0 = Debug|Any CPU
		{6E51B4F1-9D50-4308-B415-D595A16DB0DF}.Debug|x86.ActiveCfg = Debug|Any CPU
		{6E51B4F1-9D50-4308-B415-D595A16DB0DF}.Debug|x86.Build.0 = Debug|Any CPU
		{6E51B4F1-9D50-4308-B415-D595A16DB0DF}.Release|Any CPU.ActiveCfg = Release|Any CPU
		{6E51B4F1-9D50-4308-B415-D595A16DB0DF}.Release|Any CPU.Build.0 = Release|Any CPU
		{6E51B4F1-9D50-4308-B415-D595A16DB0DF}.Release|x64.ActiveCfg = Release|Any CPU
		{6E51B4F1-9D50-4308-B415-D595A16DB0DF}.Release|x64.Build.0 = Release|Any CPU
		{6E51B4F1-9D50-4308-B415-D595A16DB0DF}.Release|x86.ActiveCfg = Release|Any CPU
		{6E51B4F1-9D50-4308-B415-D595A16DB0DF}.Release|x86.Build.0 = Release|Any CPU
		{48E8B677-8E9F-434B-9867-B8F79451E1C5}.Debug|Any CPU.ActiveCfg = Debug|Any CPU
		{48E8B677-8E9F-434B-9867-B8F79451E1C5}.Debug|Any CPU.Build.0 = Debug|Any CPU
		{48E8B677-8E9F-434B-9867-B8F79451E1C5}.Debug|x64.ActiveCfg = Debug|Any CPU
		{48E8B677-8E9F-434B-9867-B8F79451E1C5}.Debug|x64.Build.0 = Debug|Any CPU
		{48E8B677-8E9F-434B-9867-B8F79451E1C5}.Debug|x86.ActiveCfg = Debug|Any CPU
		{48E8B677-8E9F-434B-9867-B8F79451E1C5}.Debug|x86.Build.0 = Debug|Any CPU
		{48E8B677-8E9F-434B-9867-B8F79451E1C5}.Release|Any CPU.ActiveCfg = Release|Any CPU
		{48E8B677-8E9F-434B-9867-B8F79451E1C5}.Release|Any CPU.Build.0 = Release|Any CPU
		{48E8B677-8E9F-434B-9867-B8F79451E1C5}.Release|x64.ActiveCfg = Release|Any CPU
		{48E8B677-8E9F-434B-9867-B8F79451E1C5}.Release|x64.Build.0 = Release|Any CPU
		{48E8B677-8E9F-434B-9867-B8F79451E1C5}.Release|x86.ActiveCfg = Release|Any CPU
		{48E8B677-8E9F-434B-9867-B8F79451E1C5}.Release|x86.Build.0 = Release|Any CPU
		{1C60DF27-8BDF-47A7-9587-565721FFC861}.Debug|Any CPU.ActiveCfg = Debug|Any CPU
		{1C60DF27-8BDF-47A7-9587-565721FFC861}.Debug|Any CPU.Build.0 = Debug|Any CPU
		{1C60DF27-8BDF-47A7-9587-565721FFC861}.Debug|x64.ActiveCfg = Debug|Any CPU
		{1C60DF27-8BDF-47A7-9587-565721FFC861}.Debug|x64.Build.0 = Debug|Any CPU
		{1C60DF27-8BDF-47A7-9587-565721FFC861}.Debug|x86.ActiveCfg = Debug|Any CPU
		{1C60DF27-8BDF-47A7-9587-565721FFC861}.Debug|x86.Build.0 = Debug|Any CPU
		{1C60DF27-8BDF-47A7-9587-565721FFC861}.Release|Any CPU.ActiveCfg = Release|Any CPU
		{1C60DF27-8BDF-47A7-9587-565721FFC861}.Release|Any CPU.Build.0 = Release|Any CPU
		{1C60DF27-8BDF-47A7-9587-565721FFC861}.Release|x64.ActiveCfg = Release|Any CPU
		{1C60DF27-8BDF-47A7-9587-565721FFC861}.Release|x64.Build.0 = Release|Any CPU
		{1C60DF27-8BDF-47A7-9587-565721FFC861}.Release|x86.ActiveCfg = Release|Any CPU
		{1C60DF27-8BDF-47A7-9587-565721FFC861}.Release|x86.Build.0 = Release|Any CPU
		{AC3F6C10-86E2-411D-8FEB-81C4FB93EE5C}.Debug|Any CPU.ActiveCfg = Debug|Any CPU
		{AC3F6C10-86E2-411D-8FEB-81C4FB93EE5C}.Debug|Any CPU.Build.0 = Debug|Any CPU
		{AC3F6C10-86E2-411D-8FEB-81C4FB93EE5C}.Debug|x64.ActiveCfg = Debug|Any CPU
		{AC3F6C10-86E2-411D-8FEB-81C4FB93EE5C}.Debug|x64.Build.0 = Debug|Any CPU
		{AC3F6C10-86E2-411D-8FEB-81C4FB93EE5C}.Debug|x86.ActiveCfg = Debug|Any CPU
		{AC3F6C10-86E2-411D-8FEB-81C4FB93EE5C}.Debug|x86.Build.0 = Debug|Any CPU
		{AC3F6C10-86E2-411D-8FEB-81C4FB93EE5C}.Release|Any CPU.ActiveCfg = Release|Any CPU
		{AC3F6C10-86E2-411D-8FEB-81C4FB93EE5C}.Release|Any CPU.Build.0 = Release|Any CPU
		{AC3F6C10-86E2-411D-8FEB-81C4FB93EE5C}.Release|x64.ActiveCfg = Release|Any CPU
		{AC3F6C10-86E2-411D-8FEB-81C4FB93EE5C}.Release|x64.Build.0 = Release|Any CPU
		{AC3F6C10-86E2-411D-8FEB-81C4FB93EE5C}.Release|x86.ActiveCfg = Release|Any CPU
		{AC3F6C10-86E2-411D-8FEB-81C4FB93EE5C}.Release|x86.Build.0 = Release|Any CPU
		{6A26CCC8-73D3-45AE-BD78-700791A5DA19}.Debug|Any CPU.ActiveCfg = Debug|Any CPU
		{6A26CCC8-73D3-45AE-BD78-700791A5DA19}.Debug|Any CPU.Build.0 = Debug|Any CPU
		{6A26CCC8-73D3-45AE-BD78-700791A5DA19}.Debug|x64.ActiveCfg = Debug|Any CPU
		{6A26CCC8-73D3-45AE-BD78-700791A5DA19}.Debug|x64.Build.0 = Debug|Any CPU
		{6A26CCC8-73D3-45AE-BD78-700791A5DA19}.Debug|x86.ActiveCfg = Debug|Any CPU
		{6A26CCC8-73D3-45AE-BD78-700791A5DA19}.Debug|x86.Build.0 = Debug|Any CPU
		{6A26CCC8-73D3-45AE-BD78-700791A5DA19}.Release|Any CPU.ActiveCfg = Release|Any CPU
		{6A26CCC8-73D3-45AE-BD78-700791A5DA19}.Release|Any CPU.Build.0 = Release|Any CPU
		{6A26CCC8-73D3-45AE-BD78-700791A5DA19}.Release|x64.ActiveCfg = Release|Any CPU
		{6A26CCC8-73D3-45AE-BD78-700791A5DA19}.Release|x64.Build.0 = Release|Any CPU
		{6A26CCC8-73D3-45AE-BD78-700791A5DA19}.Release|x86.ActiveCfg = Release|Any CPU
		{6A26CCC8-73D3-45AE-BD78-700791A5DA19}.Release|x86.Build.0 = Release|Any CPU
		{3727F0D7-6872-403A-A073-F6FAA05ABDE3}.Debug|Any CPU.ActiveCfg = Debug|Any CPU
		{3727F0D7-6872-403A-A073-F6FAA05ABDE3}.Debug|Any CPU.Build.0 = Debug|Any CPU
		{3727F0D7-6872-403A-A073-F6FAA05ABDE3}.Debug|x64.ActiveCfg = Debug|Any CPU
		{3727F0D7-6872-403A-A073-F6FAA05ABDE3}.Debug|x64.Build.0 = Debug|Any CPU
		{3727F0D7-6872-403A-A073-F6FAA05ABDE3}.Debug|x86.ActiveCfg = Debug|Any CPU
		{3727F0D7-6872-403A-A073-F6FAA05ABDE3}.Debug|x86.Build.0 = Debug|Any CPU
		{3727F0D7-6872-403A-A073-F6FAA05ABDE3}.Release|Any CPU.ActiveCfg = Release|Any CPU
		{3727F0D7-6872-403A-A073-F6FAA05ABDE3}.Release|Any CPU.Build.0 = Release|Any CPU
		{3727F0D7-6872-403A-A073-F6FAA05ABDE3}.Release|x64.ActiveCfg = Release|Any CPU
		{3727F0D7-6872-403A-A073-F6FAA05ABDE3}.Release|x64.Build.0 = Release|Any CPU
		{3727F0D7-6872-403A-A073-F6FAA05ABDE3}.Release|x86.ActiveCfg = Release|Any CPU
		{3727F0D7-6872-403A-A073-F6FAA05ABDE3}.Release|x86.Build.0 = Release|Any CPU
		{FE5CEBAF-F3D2-495D-AAAD-6CF92E1D2E8E}.Debug|Any CPU.ActiveCfg = Debug|Any CPU
		{FE5CEBAF-F3D2-495D-AAAD-6CF92E1D2E8E}.Debug|Any CPU.Build.0 = Debug|Any CPU
		{FE5CEBAF-F3D2-495D-AAAD-6CF92E1D2E8E}.Debug|x64.ActiveCfg = Debug|Any CPU
		{FE5CEBAF-F3D2-495D-AAAD-6CF92E1D2E8E}.Debug|x64.Build.0 = Debug|Any CPU
		{FE5CEBAF-F3D2-495D-AAAD-6CF92E1D2E8E}.Debug|x86.ActiveCfg = Debug|Any CPU
		{FE5CEBAF-F3D2-495D-AAAD-6CF92E1D2E8E}.Debug|x86.Build.0 = Debug|Any CPU
		{FE5CEBAF-F3D2-495D-AAAD-6CF92E1D2E8E}.Release|Any CPU.ActiveCfg = Release|Any CPU
		{FE5CEBAF-F3D2-495D-AAAD-6CF92E1D2E8E}.Release|Any CPU.Build.0 = Release|Any CPU
		{FE5CEBAF-F3D2-495D-AAAD-6CF92E1D2E8E}.Release|x64.ActiveCfg = Release|Any CPU
		{FE5CEBAF-F3D2-495D-AAAD-6CF92E1D2E8E}.Release|x64.Build.0 = Release|Any CPU
		{FE5CEBAF-F3D2-495D-AAAD-6CF92E1D2E8E}.Release|x86.ActiveCfg = Release|Any CPU
		{FE5CEBAF-F3D2-495D-AAAD-6CF92E1D2E8E}.Release|x86.Build.0 = Release|Any CPU
		{15A0CE29-05AF-47B6-812F-DBB65FB09DEC}.Debug|Any CPU.ActiveCfg = Debug|Any CPU
		{15A0CE29-05AF-47B6-812F-DBB65FB09DEC}.Debug|Any CPU.Build.0 = Debug|Any CPU
		{15A0CE29-05AF-47B6-812F-DBB65FB09DEC}.Debug|x64.ActiveCfg = Debug|Any CPU
		{15A0CE29-05AF-47B6-812F-DBB65FB09DEC}.Debug|x64.Build.0 = Debug|Any CPU
		{15A0CE29-05AF-47B6-812F-DBB65FB09DEC}.Debug|x86.ActiveCfg = Debug|Any CPU
		{15A0CE29-05AF-47B6-812F-DBB65FB09DEC}.Debug|x86.Build.0 = Debug|Any CPU
		{15A0CE29-05AF-47B6-812F-DBB65FB09DEC}.Release|Any CPU.ActiveCfg = Release|Any CPU
		{15A0CE29-05AF-47B6-812F-DBB65FB09DEC}.Release|Any CPU.Build.0 = Release|Any CPU
		{15A0CE29-05AF-47B6-812F-DBB65FB09DEC}.Release|x64.ActiveCfg = Release|Any CPU
		{15A0CE29-05AF-47B6-812F-DBB65FB09DEC}.Release|x64.Build.0 = Release|Any CPU
		{15A0CE29-05AF-47B6-812F-DBB65FB09DEC}.Release|x86.ActiveCfg = Release|Any CPU
		{15A0CE29-05AF-47B6-812F-DBB65FB09DEC}.Release|x86.Build.0 = Release|Any CPU
		{68CDABA4-35D5-4537-A71B-AF5B365FB4C6}.Debug|Any CPU.ActiveCfg = Debug|Any CPU
		{68CDABA4-35D5-4537-A71B-AF5B365FB4C6}.Debug|Any CPU.Build.0 = Debug|Any CPU
		{68CDABA4-35D5-4537-A71B-AF5B365FB4C6}.Debug|x64.ActiveCfg = Debug|Any CPU
		{68CDABA4-35D5-4537-A71B-AF5B365FB4C6}.Debug|x64.Build.0 = Debug|Any CPU
		{68CDABA4-35D5-4537-A71B-AF5B365FB4C6}.Debug|x86.ActiveCfg = Debug|Any CPU
		{68CDABA4-35D5-4537-A71B-AF5B365FB4C6}.Debug|x86.Build.0 = Debug|Any CPU
		{68CDABA4-35D5-4537-A71B-AF5B365FB4C6}.Release|Any CPU.ActiveCfg = Release|Any CPU
		{68CDABA4-35D5-4537-A71B-AF5B365FB4C6}.Release|Any CPU.Build.0 = Release|Any CPU
		{68CDABA4-35D5-4537-A71B-AF5B365FB4C6}.Release|x64.ActiveCfg = Release|Any CPU
		{68CDABA4-35D5-4537-A71B-AF5B365FB4C6}.Release|x64.Build.0 = Release|Any CPU
		{68CDABA4-35D5-4537-A71B-AF5B365FB4C6}.Release|x86.ActiveCfg = Release|Any CPU
		{68CDABA4-35D5-4537-A71B-AF5B365FB4C6}.Release|x86.Build.0 = Release|Any CPU
		{254D2B70-BEAC-4731-90C2-4205B8441716}.Debug|Any CPU.ActiveCfg = Debug|Any CPU
		{254D2B70-BEAC-4731-90C2-4205B8441716}.Debug|Any CPU.Build.0 = Debug|Any CPU
		{254D2B70-BEAC-4731-90C2-4205B8441716}.Debug|x64.ActiveCfg = Debug|Any CPU
		{254D2B70-BEAC-4731-90C2-4205B8441716}.Debug|x64.Build.0 = Debug|Any CPU
		{254D2B70-BEAC-4731-90C2-4205B8441716}.Debug|x86.ActiveCfg = Debug|Any CPU
		{254D2B70-BEAC-4731-90C2-4205B8441716}.Debug|x86.Build.0 = Debug|Any CPU
		{254D2B70-BEAC-4731-90C2-4205B8441716}.Release|Any CPU.ActiveCfg = Release|Any CPU
		{254D2B70-BEAC-4731-90C2-4205B8441716}.Release|Any CPU.Build.0 = Release|Any CPU
		{254D2B70-BEAC-4731-90C2-4205B8441716}.Release|x64.ActiveCfg = Release|Any CPU
		{254D2B70-BEAC-4731-90C2-4205B8441716}.Release|x64.Build.0 = Release|Any CPU
		{254D2B70-BEAC-4731-90C2-4205B8441716}.Release|x86.ActiveCfg = Release|Any CPU
		{254D2B70-BEAC-4731-90C2-4205B8441716}.Release|x86.Build.0 = Release|Any CPU
		{AA5E236E-131F-4CAB-813D-D53EC3C110B0}.Debug|Any CPU.ActiveCfg = Debug|Any CPU
		{AA5E236E-131F-4CAB-813D-D53EC3C110B0}.Debug|Any CPU.Build.0 = Debug|Any CPU
		{AA5E236E-131F-4CAB-813D-D53EC3C110B0}.Debug|x64.ActiveCfg = Debug|Any CPU
		{AA5E236E-131F-4CAB-813D-D53EC3C110B0}.Debug|x64.Build.0 = Debug|Any CPU
		{AA5E236E-131F-4CAB-813D-D53EC3C110B0}.Debug|x86.ActiveCfg = Debug|Any CPU
		{AA5E236E-131F-4CAB-813D-D53EC3C110B0}.Debug|x86.Build.0 = Debug|Any CPU
		{AA5E236E-131F-4CAB-813D-D53EC3C110B0}.Release|Any CPU.ActiveCfg = Release|Any CPU
		{AA5E236E-131F-4CAB-813D-D53EC3C110B0}.Release|Any CPU.Build.0 = Release|Any CPU
		{AA5E236E-131F-4CAB-813D-D53EC3C110B0}.Release|x64.ActiveCfg = Release|Any CPU
		{AA5E236E-131F-4CAB-813D-D53EC3C110B0}.Release|x64.Build.0 = Release|Any CPU
		{AA5E236E-131F-4CAB-813D-D53EC3C110B0}.Release|x86.ActiveCfg = Release|Any CPU
		{AA5E236E-131F-4CAB-813D-D53EC3C110B0}.Release|x86.Build.0 = Release|Any CPU
		{24D8CD15-A446-494D-87F1-97B207F464C9}.Debug|Any CPU.ActiveCfg = Debug|Any CPU
		{24D8CD15-A446-494D-87F1-97B207F464C9}.Debug|Any CPU.Build.0 = Debug|Any CPU
		{24D8CD15-A446-494D-87F1-97B207F464C9}.Debug|x64.ActiveCfg = Debug|Any CPU
		{24D8CD15-A446-494D-87F1-97B207F464C9}.Debug|x64.Build.0 = Debug|Any CPU
		{24D8CD15-A446-494D-87F1-97B207F464C9}.Debug|x86.ActiveCfg = Debug|Any CPU
		{24D8CD15-A446-494D-87F1-97B207F464C9}.Debug|x86.Build.0 = Debug|Any CPU
		{24D8CD15-A446-494D-87F1-97B207F464C9}.Release|Any CPU.ActiveCfg = Release|Any CPU
		{24D8CD15-A446-494D-87F1-97B207F464C9}.Release|Any CPU.Build.0 = Release|Any CPU
		{24D8CD15-A446-494D-87F1-97B207F464C9}.Release|x64.ActiveCfg = Release|Any CPU
		{24D8CD15-A446-494D-87F1-97B207F464C9}.Release|x64.Build.0 = Release|Any CPU
		{24D8CD15-A446-494D-87F1-97B207F464C9}.Release|x86.ActiveCfg = Release|Any CPU
		{24D8CD15-A446-494D-87F1-97B207F464C9}.Release|x86.Build.0 = Release|Any CPU
		{7005F1D2-26E9-4E25-BF61-511DBDD19527}.Debug|Any CPU.ActiveCfg = Debug|Any CPU
		{7005F1D2-26E9-4E25-BF61-511DBDD19527}.Debug|Any CPU.Build.0 = Debug|Any CPU
		{7005F1D2-26E9-4E25-BF61-511DBDD19527}.Debug|x64.ActiveCfg = Debug|Any CPU
		{7005F1D2-26E9-4E25-BF61-511DBDD19527}.Debug|x64.Build.0 = Debug|Any CPU
		{7005F1D2-26E9-4E25-BF61-511DBDD19527}.Debug|x86.ActiveCfg = Debug|Any CPU
		{7005F1D2-26E9-4E25-BF61-511DBDD19527}.Debug|x86.Build.0 = Debug|Any CPU
		{7005F1D2-26E9-4E25-BF61-511DBDD19527}.Release|Any CPU.ActiveCfg = Release|Any CPU
		{7005F1D2-26E9-4E25-BF61-511DBDD19527}.Release|Any CPU.Build.0 = Release|Any CPU
		{7005F1D2-26E9-4E25-BF61-511DBDD19527}.Release|x64.ActiveCfg = Release|Any CPU
		{7005F1D2-26E9-4E25-BF61-511DBDD19527}.Release|x64.Build.0 = Release|Any CPU
		{7005F1D2-26E9-4E25-BF61-511DBDD19527}.Release|x86.ActiveCfg = Release|Any CPU
		{7005F1D2-26E9-4E25-BF61-511DBDD19527}.Release|x86.Build.0 = Release|Any CPU
		{D5F416BC-70CC-417C-9A86-C55636AB64F3}.Debug|Any CPU.ActiveCfg = Debug|Any CPU
		{D5F416BC-70CC-417C-9A86-C55636AB64F3}.Debug|Any CPU.Build.0 = Debug|Any CPU
		{D5F416BC-70CC-417C-9A86-C55636AB64F3}.Debug|x64.ActiveCfg = Debug|Any CPU
		{D5F416BC-70CC-417C-9A86-C55636AB64F3}.Debug|x64.Build.0 = Debug|Any CPU
		{D5F416BC-70CC-417C-9A86-C55636AB64F3}.Debug|x86.ActiveCfg = Debug|Any CPU
		{D5F416BC-70CC-417C-9A86-C55636AB64F3}.Debug|x86.Build.0 = Debug|Any CPU
		{D5F416BC-70CC-417C-9A86-C55636AB64F3}.Release|Any CPU.ActiveCfg = Release|Any CPU
		{D5F416BC-70CC-417C-9A86-C55636AB64F3}.Release|Any CPU.Build.0 = Release|Any CPU
		{D5F416BC-70CC-417C-9A86-C55636AB64F3}.Release|x64.ActiveCfg = Release|Any CPU
		{D5F416BC-70CC-417C-9A86-C55636AB64F3}.Release|x64.Build.0 = Release|Any CPU
		{D5F416BC-70CC-417C-9A86-C55636AB64F3}.Release|x86.ActiveCfg = Release|Any CPU
		{D5F416BC-70CC-417C-9A86-C55636AB64F3}.Release|x86.Build.0 = Release|Any CPU
		{CEFB1D70-D13E-4AB0-B208-74341872E697}.Debug|Any CPU.ActiveCfg = Debug|Any CPU
		{CEFB1D70-D13E-4AB0-B208-74341872E697}.Debug|Any CPU.Build.0 = Debug|Any CPU
		{CEFB1D70-D13E-4AB0-B208-74341872E697}.Debug|x64.ActiveCfg = Debug|Any CPU
		{CEFB1D70-D13E-4AB0-B208-74341872E697}.Debug|x64.Build.0 = Debug|Any CPU
		{CEFB1D70-D13E-4AB0-B208-74341872E697}.Debug|x86.ActiveCfg = Debug|Any CPU
		{CEFB1D70-D13E-4AB0-B208-74341872E697}.Debug|x86.Build.0 = Debug|Any CPU
		{CEFB1D70-D13E-4AB0-B208-74341872E697}.Release|Any CPU.ActiveCfg = Release|Any CPU
		{CEFB1D70-D13E-4AB0-B208-74341872E697}.Release|Any CPU.Build.0 = Release|Any CPU
		{CEFB1D70-D13E-4AB0-B208-74341872E697}.Release|x64.ActiveCfg = Release|Any CPU
		{CEFB1D70-D13E-4AB0-B208-74341872E697}.Release|x64.Build.0 = Release|Any CPU
		{CEFB1D70-D13E-4AB0-B208-74341872E697}.Release|x86.ActiveCfg = Release|Any CPU
		{CEFB1D70-D13E-4AB0-B208-74341872E697}.Release|x86.Build.0 = Release|Any CPU
		{24BD70A7-8198-47BF-8356-C9DB4A78FB4E}.Debug|Any CPU.ActiveCfg = Debug|Any CPU
		{24BD70A7-8198-47BF-8356-C9DB4A78FB4E}.Debug|Any CPU.Build.0 = Debug|Any CPU
		{24BD70A7-8198-47BF-8356-C9DB4A78FB4E}.Debug|x64.ActiveCfg = Debug|Any CPU
		{24BD70A7-8198-47BF-8356-C9DB4A78FB4E}.Debug|x64.Build.0 = Debug|Any CPU
		{24BD70A7-8198-47BF-8356-C9DB4A78FB4E}.Debug|x86.ActiveCfg = Debug|Any CPU
		{24BD70A7-8198-47BF-8356-C9DB4A78FB4E}.Debug|x86.Build.0 = Debug|Any CPU
		{24BD70A7-8198-47BF-8356-C9DB4A78FB4E}.Release|Any CPU.ActiveCfg = Release|Any CPU
		{24BD70A7-8198-47BF-8356-C9DB4A78FB4E}.Release|Any CPU.Build.0 = Release|Any CPU
		{24BD70A7-8198-47BF-8356-C9DB4A78FB4E}.Release|x64.ActiveCfg = Release|Any CPU
		{24BD70A7-8198-47BF-8356-C9DB4A78FB4E}.Release|x64.Build.0 = Release|Any CPU
		{24BD70A7-8198-47BF-8356-C9DB4A78FB4E}.Release|x86.ActiveCfg = Release|Any CPU
		{24BD70A7-8198-47BF-8356-C9DB4A78FB4E}.Release|x86.Build.0 = Release|Any CPU
		{8B2412F1-807E-48E4-9932-04408C9602FE}.Debug|Any CPU.ActiveCfg = Debug|Any CPU
		{8B2412F1-807E-48E4-9932-04408C9602FE}.Debug|Any CPU.Build.0 = Debug|Any CPU
		{8B2412F1-807E-48E4-9932-04408C9602FE}.Debug|x64.ActiveCfg = Debug|Any CPU
		{8B2412F1-807E-48E4-9932-04408C9602FE}.Debug|x64.Build.0 = Debug|Any CPU
		{8B2412F1-807E-48E4-9932-04408C9602FE}.Debug|x86.ActiveCfg = Debug|Any CPU
		{8B2412F1-807E-48E4-9932-04408C9602FE}.Debug|x86.Build.0 = Debug|Any CPU
		{8B2412F1-807E-48E4-9932-04408C9602FE}.Release|Any CPU.ActiveCfg = Release|Any CPU
		{8B2412F1-807E-48E4-9932-04408C9602FE}.Release|Any CPU.Build.0 = Release|Any CPU
		{8B2412F1-807E-48E4-9932-04408C9602FE}.Release|x64.ActiveCfg = Release|Any CPU
		{8B2412F1-807E-48E4-9932-04408C9602FE}.Release|x64.Build.0 = Release|Any CPU
		{8B2412F1-807E-48E4-9932-04408C9602FE}.Release|x86.ActiveCfg = Release|Any CPU
		{8B2412F1-807E-48E4-9932-04408C9602FE}.Release|x86.Build.0 = Release|Any CPU
		{30A06AAB-76A7-46EA-A6C4-72E0E175DC6C}.Debug|Any CPU.ActiveCfg = Debug|Any CPU
		{30A06AAB-76A7-46EA-A6C4-72E0E175DC6C}.Debug|Any CPU.Build.0 = Debug|Any CPU
		{30A06AAB-76A7-46EA-A6C4-72E0E175DC6C}.Debug|x64.ActiveCfg = Debug|Any CPU
		{30A06AAB-76A7-46EA-A6C4-72E0E175DC6C}.Debug|x64.Build.0 = Debug|Any CPU
		{30A06AAB-76A7-46EA-A6C4-72E0E175DC6C}.Debug|x86.ActiveCfg = Debug|Any CPU
		{30A06AAB-76A7-46EA-A6C4-72E0E175DC6C}.Debug|x86.Build.0 = Debug|Any CPU
		{30A06AAB-76A7-46EA-A6C4-72E0E175DC6C}.Release|Any CPU.ActiveCfg = Release|Any CPU
		{30A06AAB-76A7-46EA-A6C4-72E0E175DC6C}.Release|Any CPU.Build.0 = Release|Any CPU
		{30A06AAB-76A7-46EA-A6C4-72E0E175DC6C}.Release|x64.ActiveCfg = Release|Any CPU
		{30A06AAB-76A7-46EA-A6C4-72E0E175DC6C}.Release|x64.Build.0 = Release|Any CPU
		{30A06AAB-76A7-46EA-A6C4-72E0E175DC6C}.Release|x86.ActiveCfg = Release|Any CPU
		{30A06AAB-76A7-46EA-A6C4-72E0E175DC6C}.Release|x86.Build.0 = Release|Any CPU
	EndGlobalSection
EndGlobal
